// !$*UTF8*$!
{
	archiveVersion = 1;
	classes = {
	};
	objectVersion = 46;
	objects = {

/* Begin PBXBuildFile section */
		797A06A51E5C75D20000643B /* AppDelegate.swift in Sources */ = {isa = PBXBuildFile; fileRef = 797A06A41E5C75D20000643B /* AppDelegate.swift */; };
		797A06A71E5C75D20000643B /* ViewController.swift in Sources */ = {isa = PBXBuildFile; fileRef = 797A06A61E5C75D20000643B /* ViewController.swift */; };
		797A06AA1E5C75D20000643B /* Main.storyboard in Resources */ = {isa = PBXBuildFile; fileRef = 797A06A81E5C75D20000643B /* Main.storyboard */; };
		797A06AC1E5C75D20000643B /* Assets.xcassets in Resources */ = {isa = PBXBuildFile; fileRef = 797A06AB1E5C75D20000643B /* Assets.xcassets */; };
		797A06AF1E5C75D20000643B /* LaunchScreen.storyboard in Resources */ = {isa = PBXBuildFile; fileRef = 797A06AD1E5C75D20000643B /* LaunchScreen.storyboard */; };
		797A06B71E5DDF0B0000643B /* Skeleton_of_hedgehog.jpg in Resources */ = {isa = PBXBuildFile; fileRef = 797A06B61E5DDF0B0000643B /* Skeleton_of_hedgehog.jpg */; };
/* End PBXBuildFile section */

/* Begin PBXFileReference section */
		797A06A11E5C75D20000643B /* HelloWorld.app */ = {isa = PBXFileReference; explicitFileType = wrapper.application; includeInIndex = 0; path = HelloWorld.app; sourceTree = BUILT_PRODUCTS_DIR; };
		797A06A41E5C75D20000643B /* AppDelegate.swift */ = {isa = PBXFileReference; lastKnownFileType = sourcecode.swift; path = AppDelegate.swift; sourceTree = "<group>"; };
		797A06A61E5C75D20000643B /* ViewController.swift */ = {isa = PBXFileReference; lastKnownFileType = sourcecode.swift; path = ViewController.swift; sourceTree = "<group>"; };
		797A06A91E5C75D20000643B /* Base */ = {isa = PBXFileReference; lastKnownFileType = file.storyboard; name = Base; path = Base.lproj/Main.storyboard; sourceTree = "<group>"; };
		797A06AB1E5C75D20000643B /* Assets.xcassets */ = {isa = PBXFileReference; lastKnownFileType = folder.assetcatalog; path = Assets.xcassets; sourceTree = "<group>"; };
		797A06AE1E5C75D20000643B /* Base */ = {isa = PBXFileReference; lastKnownFileType = file.storyboard; name = Base; path = Base.lproj/LaunchScreen.storyboard; sourceTree = "<group>"; };
		797A06B01E5C75D20000643B /* Info.plist */ = {isa = PBXFileReference; lastKnownFileType = text.plist.xml; path = Info.plist; sourceTree = "<group>"; };
		797A06B61E5DDF0B0000643B /* Skeleton_of_hedgehog.jpg */ = {isa = PBXFileReference; lastKnownFileType = image.jpeg; path = Skeleton_of_hedgehog.jpg; sourceTree = "<group>"; };
/* End PBXFileReference section */

/* Begin PBXFrameworksBuildPhase section */
		797A069E1E5C75D10000643B /* Frameworks */ = {
			isa = PBXFrameworksBuildPhase;
			buildActionMask = 2147483647;
			files = (
			);
			runOnlyForDeploymentPostprocessing = 0;
		};
/* End PBXFrameworksBuildPhase section */

/* Begin PBXGroup section */
		797A06981E5C75D10000643B = {
			isa = PBXGroup;
			children = (
				797A06A31E5C75D20000643B /* HelloWorld */,
				797A06A21E5C75D20000643B /* Products */,
			);
			sourceTree = "<group>";
		};
		797A06A21E5C75D20000643B /* Products */ = {
			isa = PBXGroup;
			children = (
				797A06A11E5C75D20000643B /* HelloWorld.app */,
			);
			name = Products;
			sourceTree = "<group>";
		};
		797A06A31E5C75D20000643B /* HelloWorld */ = {
			isa = PBXGroup;
			children = (
				797A06A41E5C75D20000643B /* AppDelegate.swift */,
				797A06A61E5C75D20000643B /* ViewController.swift */,
				797A06A81E5C75D20000643B /* Main.storyboard */,
				797A06B61E5DDF0B0000643B /* Skeleton_of_hedgehog.jpg */,
				797A06AB1E5C75D20000643B /* Assets.xcassets */,
				797A06AD1E5C75D20000643B /* LaunchScreen.storyboard */,
				797A06B01E5C75D20000643B /* Info.plist */,
			);
			path = HelloWorld;
			sourceTree = "<group>";
		};
/* End PBXGroup section */

/* Begin PBXNativeTarget section */
		797A06A01E5C75D10000643B /* HelloWorld */ = {
			isa = PBXNativeTarget;
			buildConfigurationList = 797A06B31E5C75D20000643B /* Build configuration list for PBXNativeTarget "HelloWorld" */;
			buildPhases = (
				797A069D1E5C75D10000643B /* Sources */,
				797A069E1E5C75D10000643B /* Frameworks */,
				797A069F1E5C75D10000643B /* Resources */,
			);
			buildRules = (
			);
			dependencies = (
			);
			name = HelloWorld;
			productName = HelloWorld;
			productReference = 797A06A11E5C75D20000643B /* HelloWorld.app */;
			productType = "com.apple.product-type.application";
		};
/* End PBXNativeTarget section */

/* Begin PBXProject section */
		797A06991E5C75D10000643B /* Project object */ = {
			isa = PBXProject;
			attributes = {
				LastSwiftUpdateCheck = 0820;
				LastUpgradeCheck = 0820;
				ORGANIZATIONNAME = whelan94crown;
				TargetAttributes = {
					797A06A01E5C75D10000643B = {
						CreatedOnToolsVersion = 8.2.1;
						ProvisioningStyle = Automatic;
					};
				};
			};
			buildConfigurationList = 797A069C1E5C75D10000643B /* Build configuration list for PBXProject "HelloWorld" */;
			compatibilityVersion = "Xcode 3.2";
			developmentRegion = English;
			hasScannedForEncodings = 0;
			knownRegions = (
				en,
				Base,
			);
			mainGroup = 797A06981E5C75D10000643B;
			productRefGroup = 797A06A21E5C75D20000643B /* Products */;
			projectDirPath = "";
			projectRoot = "";
			targets = (
				797A06A01E5C75D10000643B /* HelloWorld */,
			);
		};
/* End PBXProject section */

/* Begin PBXResourcesBuildPhase section */
		797A069F1E5C75D10000643B /* Resources */ = {
			isa = PBXResourcesBuildPhase;
			buildActionMask = 2147483647;
			files = (
				797A06AF1E5C75D20000643B /* LaunchScreen.storyboard in Resources */,
				797A06AC1E5C75D20000643B /* Assets.xcassets in Resources */,
				797A06B71E5DDF0B0000643B /* Skeleton_of_hedgehog.jpg in Resources */,
				797A06AA1E5C75D20000643B /* Main.storyboard in Resources */,
			);
			runOnlyForDeploymentPostprocessing = 0;
		};
/* End PBXResourcesBuildPhase section */

/* Begin PBXSourcesBuildPhase section */
		797A069D1E5C75D10000643B /* Sources */ = {
			isa = PBXSourcesBuildPhase;
			buildActionMask = 2147483647;
			files = (
				797A06A71E5C75D20000643B /* ViewController.swift in Sources */,
				797A06A51E5C75D20000643B /* AppDelegate.swift in Sources */,
			);
			runOnlyForDeploymentPostprocessing = 0;
		};
/* End PBXSourcesBuildPhase section */

/* Begin PBXVariantGroup section */
		797A06A81E5C75D20000643B /* Main.storyboard */ = {
			isa = PBXVariantGroup;
			children = (
				797A06A91E5C75D20000643B /* Base */,
			);
			name = Main.storyboard;
			sourceTree = "<group>";
		};
		797A06AD1E5C75D20000643B /* LaunchScreen.storyboard */ = {
			isa = PBXVariantGroup;
			children = (
				797A06AE1E5C75D20000643B /* Base */,
			);
			name = LaunchScreen.storyboard;
			sourceTree = "<group>";
		};
/* End PBXVariantGroup section */

/* Begin XCBuildConfiguration section */
		797A06B11E5C75D20000643B /* Debug */ = {
			isa = XCBuildConfiguration;
			buildSettings = {
				ALWAYS_SEARCH_USER_PATHS = NO;
				CLANG_ANALYZER_NONNULL = YES;
				CLANG_CXX_LANGUAGE_STANDARD = "gnu++0x";
				CLANG_CXX_LIBRARY = "libc++";
				CLANG_ENABLE_MODULES = YES;
				CLANG_ENABLE_OBJC_ARC = YES;
				CLANG_WARN_BOOL_CONVERSION = YES;
				CLANG_WARN_CONSTANT_CONVERSION = YES;
				CLANG_WARN_DIRECT_OBJC_ISA_USAGE = YES_ERROR;
				CLANG_WARN_DOCUMENTATION_COMMENTS = YES;
				CLANG_WARN_EMPTY_BODY = YES;
				CLANG_WARN_ENUM_CONVERSION = YES;
				CLANG_WARN_INFINITE_RECURSION = YES;
				CLANG_WARN_INT_CONVERSION = YES;
				CLANG_WARN_OBJC_ROOT_CLASS = YES_ERROR;
				CLANG_WARN_SUSPICIOUS_MOVE = YES;
				CLANG_WARN_UNREACHABLE_CODE = YES;
				CLANG_WARN__DUPLICATE_METHOD_MATCH = YES;
				"CODE_SIGN_IDENTITY[sdk=iphoneos*]" = "iPhone Developer";
				COPY_PHASE_STRIP = NO;
				DEBUG_INFORMATION_FORMAT = dwarf;
				ENABLE_STRICT_OBJC_MSGSEND = YES;
				ENABLE_TESTABILITY = YES;
				GCC_C_LANGUAGE_STANDARD = gnu99;
				GCC_DYNAMIC_NO_PIC = NO;
				GCC_NO_COMMON_BLOCKS = YES;
				GCC_OPTIMIZATION_LEVEL = 0;
				GCC_PREPROCESSOR_DEFINITIONS = (
					"DEBUG=1",
					"$(inherited)",
				);
				GCC_WARN_64_TO_32_BIT_CONVERSION = YES;
				GCC_WARN_ABOUT_RETURN_TYPE = YES_ERROR;
				GCC_WARN_UNDECLARED_SELECTOR = YES;
				GCC_WARN_UNINITIALIZED_AUTOS = YES_AGGRESSIVE;
				GCC_WARN_UNUSED_FUNCTION = YES;
				GCC_WARN_UNUSED_VARIABLE = YES;
				IPHONEOS_DEPLOYMENT_TARGET = 10.2;
				MTL_ENABLE_DEBUG_INFO = YES;
				ONLY_ACTIVE_ARCH = YES;
				SDKROOT = iphoneos;
				SWIFT_ACTIVE_COMPILATION_CONDITIONS = DEBUG;
				SWIFT_OPTIMIZATION_LEVEL = "-Onone";
			};
			name = Debug;
		};
		797A06B21E5C75D20000643B /* Release */ = {
			isa = XCBuildConfiguration;
			buildSettings = {
				ALWAYS_SEARCH_USER_PATHS = NO;
				CLANG_ANALYZER_NONNULL = YES;
				CLANG_CXX_LANGUAGE_STANDARD = "gnu++0x";
				CLANG_CXX_LIBRARY = "libc++";
				CLANG_ENABLE_MODULES = YES;
				CLANG_ENABLE_OBJC_ARC = YES;
				CLANG_WARN_BOOL_CONVERSION = YES;
				CLANG_WARN_CONSTANT_CONVERSION = YES;
				CLANG_WARN_DIRECT_OBJC_ISA_USAGE = YES_ERROR;
				CLANG_WARN_DOCUMENTATION_COMMENTS = YES;
				CLANG_WARN_EMPTY_BODY = YES;
				CLANG_WARN_ENUM_CONVERSION = YES;
				CLANG_WARN_INFINITE_RECURSION = YES;
				CLANG_WARN_INT_CONVERSION = YES;
				CLANG_WARN_OBJC_ROOT_CLASS = YES_ERROR;
				CLANG_WARN_SUSPICIOUS_MOVE = YES;
				CLANG_WARN_UNREACHABLE_CODE = YES;
				CLANG_WARN__DUPLICATE_METHOD_MATCH = YES;
				"CODE_SIGN_IDENTITY[sdk=iphoneos*]" = "iPhone Developer";
				COPY_PHASE_STRIP = NO;
				DEBUG_INFORMATION_FORMAT = "dwarf-with-dsym";
				ENABLE_NS_ASSERTIONS = NO;
				ENABLE_STRICT_OBJC_MSGSEND = YES;
				GCC_C_LANGUAGE_STANDARD = gnu99;
				GCC_NO_COMMON_BLOCKS = YES;
				GCC_WARN_64_TO_32_BIT_CONVERSION = YES;
				GCC_WARN_ABOUT_RETURN_TYPE = YES_ERROR;
				GCC_WARN_UNDECLARED_SELECTOR = YES;
				GCC_WARN_UNINITIALIZED_AUTOS = YES_AGGRESSIVE;
				GCC_WARN_UNUSED_FUNCTION = YES;
				GCC_WARN_UNUSED_VARIABLE = YES;
				IPHONEOS_DEPLOYMENT_TARGET = 10.2;
				MTL_ENABLE_DEBUG_INFO = NO;
				SDKROOT = iphoneos;
				SWIFT_OPTIMIZATION_LEVEL = "-Owholemodule";
				VALIDATE_PRODUCT = YES;
			};
			name = Release;
		};
		797A06B41E5C75D20000643B /* Debug */ = {
			isa = XCBuildConfiguration;
			buildSettings = {
				ASSETCATALOG_COMPILER_APPICON_NAME = AppIcon;
				INFOPLIST_FILE = HelloWorld/Info.plist;
				LD_RUNPATH_SEARCH_PATHS = "$(inherited) @executable_path/Frameworks";
				PRODUCT_BUNDLE_IDENTIFIER = com.whelan94crown.HelloWorld;
				PRODUCT_NAME = "$(TARGET_NAME)";
				SWIFT_VERSION = 3.0;
			};
			name = Debug;
		};
		797A06B51E5C75D20000643B /* Release */ = {
			isa = XCBuildConfiguration;
			buildSettings = {
				ASSETCATALOG_COMPILER_APPICON_NAME = AppIcon;
				INFOPLIST_FILE = HelloWorld/Info.plist;
				LD_RUNPATH_SEARCH_PATHS = "$(inherited) @executable_path/Frameworks";
				PRODUCT_BUNDLE_IDENTIFIER = com.whelan94crown.HelloWorld;
				PRODUCT_NAME = "$(TARGET_NAME)";
				SWIFT_VERSION = 3.0;
			};
			name = Release;
		};
/* End XCBuildConfiguration section */

/* Begin XCConfigurationList section */
		797A069C1E5C75D10000643B /* Build configuration list for PBXProject "HelloWorld" */ = {
			isa = XCConfigurationList;
			buildConfigurations = (
				797A06B11E5C75D20000643B /* Debug */,
				797A06B21E5C75D20000643B /* Release */,
			);
			defaultConfigurationIsVisible = 0;
			defaultConfigurationName = Release;
		};
		797A06B31E5C75D20000643B /* Build configuration list for PBXNativeTarget "HelloWorld" */ = {
			isa = XCConfigurationList;
			buildConfigurations = (
				797A06B41E5C75D20000643B /* Debug */,
				797A06B51E5C75D20000643B /* Release */,
			);
			defaultConfigurationIsVisible = 0;
			defaultConfigurationName = Release;
		};
/* End XCConfigurationList section */
	};
	rootObject = 797A06991E5C75D10000643B /* Project object */;
}
